
Microsoft Visual Studio Solution File, Format Version 12.00
# Visual Studio 15
VisualStudioVersion = 15.0.26124.0
MinimumVisualStudioVersion = 15.0.26124.0
Project("{2150E333-8FDC-42A3-9474-1A3956D46DE8}") = "src", "src", "{1789CAEA-57AA-4C10-937C-E0756ED73A87}"
EndProject
Project("{FAE04EC0-301F-11D3-BF4B-00C04F79EFBC}") = "PalTracker", "src\PalTracker\PalTracker.csproj", "{38C6B835-6F22-496D-9013-DC0F7E9204B4}"
EndProject
Project("{2150E333-8FDC-42A3-9474-1A3956D46DE8}") = "test", "test", "{2D567F3D-0F13-4009-85CB-253C04DB2CB1}"
EndProject
Project("{FAE04EC0-301F-11D3-BF4B-00C04F79EFBC}") = "PalTrackerTests", "test\PalTrackerTests\PalTrackerTests.csproj", "{D08F6726-EF62-4163-BF89-3F0B3BE0A78D}"
EndProject
Global
	GlobalSection(SolutionConfigurationPlatforms) = preSolution
		Debug|Any CPU = Debug|Any CPU
		Debug|x64 = Debug|x64
		Debug|x86 = Debug|x86
		Release|Any CPU = Release|Any CPU
		Release|x64 = Release|x64
		Release|x86 = Release|x86
	EndGlobalSection
	GlobalSection(SolutionProperties) = preSolution
		HideSolutionNode = FALSE
	EndGlobalSection
	GlobalSection(ProjectConfigurationPlatforms) = postSolution
		{38C6B835-6F22-496D-9013-DC0F7E9204B4}.Debug|Any CPU.ActiveCfg = Debug|Any CPU
		{38C6B835-6F22-496D-9013-DC0F7E9204B4}.Debug|Any CPU.Build.0 = Debug|Any CPU
		{38C6B835-6F22-496D-9013-DC0F7E9204B4}.Debug|x64.ActiveCfg = Debug|Any CPU
		{38C6B835-6F22-496D-9013-DC0F7E9204B4}.Debug|x64.Build.0 = Debug|Any CPU
		{38C6B835-6F22-496D-9013-DC0F7E9204B4}.Debug|x86.ActiveCfg = Debug|Any CPU
		{38C6B835-6F22-496D-9013-DC0F7E9204B4}.Debug|x86.Build.0 = Debug|Any CPU
		{38C6B835-6F22-496D-9013-DC0F7E9204B4}.Release|Any CPU.ActiveCfg = Release|Any CPU
		{38C6B835-6F22-496D-9013-DC0F7E9204B4}.Release|Any CPU.Build.0 = Release|Any CPU
		{38C6B835-6F22-496D-9013-DC0F7E9204B4}.Release|x64.ActiveCfg = Release|Any CPU
		{38C6B835-6F22-496D-9013-DC0F7E9204B4}.Release|x64.Build.0 = Release|Any CPU
		{38C6B835-6F22-496D-9013-DC0F7E9204B4}.Release|x86.ActiveCfg = Release|Any CPU
		{38C6B835-6F22-496D-9013-DC0F7E9204B4}.Release|x86.Build.0 = Release|Any CPU
		{D08F6726-EF62-4163-BF89-3F0B3BE0A78D}.Debug|Any CPU.ActiveCfg = Debug|Any CPU
		{D08F6726-EF62-4163-BF89-3F0B3BE0A78D}.Debug|Any CPU.Build.0 = Debug|Any CPU
		{D08F6726-EF62-4163-BF89-3F0B3BE0A78D}.Debug|x64.ActiveCfg = Debug|Any CPU
		{D08F6726-EF62-4163-BF89-3F0B3BE0A78D}.Debug|x64.Build.0 = Debug|Any CPU
		{D08F6726-EF62-4163-BF89-3F0B3BE0A78D}.Debug|x86.ActiveCfg = Debug|Any CPU
		{D08F6726-EF62-4163-BF89-3F0B3BE0A78D}.Debug|x86.Build.0 = Debug|Any CPU
		{D08F6726-EF62-4163-BF89-3F0B3BE0A78D}.Release|Any CPU.ActiveCfg = Release|Any CPU
		{D08F6726-EF62-4163-BF89-3F0B3BE0A78D}.Release|Any CPU.Build.0 = Release|Any CPU
		{D08F6726-EF62-4163-BF89-3F0B3BE0A78D}.Release|x64.ActiveCfg = Release|Any CPU
		{D08F6726-EF62-4163-BF89-3F0B3BE0A78D}.Release|x64.Build.0 = Release|Any CPU
		{D08F6726-EF62-4163-BF89-3F0B3BE0A78D}.Release|x86.ActiveCfg = Release|Any CPU
		{D08F6726-EF62-4163-BF89-3F0B3BE0A78D}.Release|x86.Build.0 = Release|Any CPU
	EndGlobalSection
	GlobalSection(NestedProjects) = preSolution
		{38C6B835-6F22-496D-9013-DC0F7E9204B4} = {1789CAEA-57AA-4C10-937C-E0756ED73A87}
		{D08F6726-EF62-4163-BF89-3F0B3BE0A78D} = {2D567F3D-0F13-4009-85CB-253C04DB2CB1}
	EndGlobalSection
EndGlobal
